
Microsoft Visual Studio Solution File, Format Version 11.00
# Visual Studio 2010
Project("{FAE04EC0-301F-11D3-BF4B-00C04F79EFBC}") = "Toe.Editor", "Toe.Editor\Toe.Editor.csproj", "{FEDAC06A-15EA-4A6A-BF1E-262277380FD9}"
EndProject
Project("{FAE04EC0-301F-11D3-BF4B-00C04F79EFBC}") = "Toe.Core", "Toe.Core\Toe.Core.csproj", "{0BF607DF-49E7-46D4-A02A-AEEE0AF004D9}"
EndProject
Project("{FAE04EC0-301F-11D3-BF4B-00C04F79EFBC}") = "Toe.Game", "Toe.Game\Toe.Game.csproj", "{114C2D39-9D1B-48B8-850B-F52902CDBC47}"
EndProject
Project("{FAE04EC0-301F-11D3-BF4B-00C04F79EFBC}") = "Toe.App", "Toe.App\Toe.App.csproj", "{C6E4E2DB-9EC7-4ACE-B94D-F7212299EEFE}"
EndProject
Project("{FAE04EC0-301F-11D3-BF4B-00C04F79EFBC}") = "Toe.Core.Tests", "Toe.Core.Tests\Toe.Core.Tests.csproj", "{26DB6CA4-C8AD-4D8E-9D38-A0D7675D12C1}"
EndProject
Project("{FAE04EC0-301F-11D3-BF4B-00C04F79EFBC}") = "Toe.Marmalade", "Toe.Marmalade\Toe.Marmalade.csproj", "{89231B56-490E-4AFE-B765-E82A7C9A4FF2}"
EndProject
Project("{2150E333-8FDC-42A3-9474-1A3956D46DE8}") = "Marmalade", "Marmalade", "{B688B498-E8A2-4CF2-97A6-067B76709DCC}"
EndProject
Project("{FAE04EC0-301F-11D3-BF4B-00C04F79EFBC}") = "Toe.Marmalade.Util", "Toe.Marmalade.Util\Toe.Marmalade.Util.csproj", "{013C07CD-50DB-4D24-94C3-895599F8219A}"
EndProject
Project("{FAE04EC0-301F-11D3-BF4B-00C04F79EFBC}") = "Toe.Marmalade.ResManager", "Toe.Marmalade.ResManager\Toe.Marmalade.ResManager.csproj", "{324F8F53-DC53-4F0C-A2B6-07F3F88A7D46}"
EndProject
Project("{FAE04EC0-301F-11D3-BF4B-00C04F79EFBC}") = "Toe.Marmalade.Gx", "Toe.Marmalade.Gx\Toe.Marmalade.Gx.csproj", "{E8BDD1BF-F90E-4137-9ECC-C848BA785263}"
EndProject
Project("{FAE04EC0-301F-11D3-BF4B-00C04F79EFBC}") = "Toe.Marmalade.Graphics", "Toe.Marmalade.Graphics\Toe.Marmalade.Graphics.csproj", "{97677725-0026-486D-BC63-A30B512DCDCA}"
EndProject
Project("{FAE04EC0-301F-11D3-BF4B-00C04F79EFBC}") = "Toe.Marmalade.Anim", "Toe.Marmalade.Anim\Toe.Marmalade.Anim.csproj", "{771410D2-5DA9-4173-A6B2-109A0A3CDC25}"
EndProject
Project("{FAE04EC0-301F-11D3-BF4B-00C04F79EFBC}") = "Toe.Graphics", "Toe.Graphics\Toe.Graphics.csproj", "{96C0D434-196E-4F92-AF0E-A2F4712D6C01}"
EndProject
Project("{FAE04EC0-301F-11D3-BF4B-00C04F79EFBC}") = "Toe.Marmalade.Tests", "Toe.Marmalade.Tests\Toe.Marmalade.Tests.csproj", "{A3AD90C9-B010-478F-B58D-A8E68E20D3B9}"
EndProject
Project("{FAE04EC0-301F-11D3-BF4B-00C04F79EFBC}") = "Toe.Marmalade.Geom", "Toe.Marmalade.Geom\Toe.Marmalade.Geom.csproj", "{3D99374A-A141-4C78-9111-1FD0705E361E}"
EndProject
Global
	GlobalSection(SolutionConfigurationPlatforms) = preSolution
		Debug|Any CPU = Debug|Any CPU
		Debug|Mixed Platforms = Debug|Mixed Platforms
		Debug|x86 = Debug|x86
		Release|Any CPU = Release|Any CPU
		Release|Mixed Platforms = Release|Mixed Platforms
		Release|x86 = Release|x86
	EndGlobalSection
	GlobalSection(ProjectConfigurationPlatforms) = postSolution
		{FEDAC06A-15EA-4A6A-BF1E-262277380FD9}.Debug|Any CPU.ActiveCfg = Debug|Any CPU
		{FEDAC06A-15EA-4A6A-BF1E-262277380FD9}.Debug|Any CPU.Build.0 = Debug|Any CPU
		{FEDAC06A-15EA-4A6A-BF1E-262277380FD9}.Debug|Mixed Platforms.ActiveCfg = Debug|Any CPU
		{FEDAC06A-15EA-4A6A-BF1E-262277380FD9}.Debug|Mixed Platforms.Build.0 = Debug|Any CPU
		{FEDAC06A-15EA-4A6A-BF1E-262277380FD9}.Debug|x86.ActiveCfg = Debug|Any CPU
		{FEDAC06A-15EA-4A6A-BF1E-262277380FD9}.Release|Any CPU.ActiveCfg = Release|Any CPU
		{FEDAC06A-15EA-4A6A-BF1E-262277380FD9}.Release|Any CPU.Build.0 = Release|Any CPU
		{FEDAC06A-15EA-4A6A-BF1E-262277380FD9}.Release|Mixed Platforms.ActiveCfg = Release|Any CPU
		{FEDAC06A-15EA-4A6A-BF1E-262277380FD9}.Release|Mixed Platforms.Build.0 = Release|Any CPU
		{FEDAC06A-15EA-4A6A-BF1E-262277380FD9}.Release|x86.ActiveCfg = Release|Any CPU
		{0BF607DF-49E7-46D4-A02A-AEEE0AF004D9}.Debug|Any CPU.ActiveCfg = Debug|Any CPU
		{0BF607DF-49E7-46D4-A02A-AEEE0AF004D9}.Debug|Any CPU.Build.0 = Debug|Any CPU
		{0BF607DF-49E7-46D4-A02A-AEEE0AF004D9}.Debug|Mixed Platforms.ActiveCfg = Debug|Any CPU
		{0BF607DF-49E7-46D4-A02A-AEEE0AF004D9}.Debug|Mixed Platforms.Build.0 = Debug|Any CPU
		{0BF607DF-49E7-46D4-A02A-AEEE0AF004D9}.Debug|x86.ActiveCfg = Debug|Any CPU
		{0BF607DF-49E7-46D4-A02A-AEEE0AF004D9}.Release|Any CPU.ActiveCfg = Release|Any CPU
		{0BF607DF-49E7-46D4-A02A-AEEE0AF004D9}.Release|Any CPU.Build.0 = Release|Any CPU
		{0BF607DF-49E7-46D4-A02A-AEEE0AF004D9}.Release|Mixed Platforms.ActiveCfg = Release|Any CPU
		{0BF607DF-49E7-46D4-A02A-AEEE0AF004D9}.Release|Mixed Platforms.Build.0 = Release|Any CPU
		{0BF607DF-49E7-46D4-A02A-AEEE0AF004D9}.Release|x86.ActiveCfg = Release|Any CPU
		{114C2D39-9D1B-48B8-850B-F52902CDBC47}.Debug|Any CPU.ActiveCfg = Debug|Any CPU
		{114C2D39-9D1B-48B8-850B-F52902CDBC47}.Debug|Any CPU.Build.0 = Debug|Any CPU
		{114C2D39-9D1B-48B8-850B-F52902CDBC47}.Debug|Mixed Platforms.ActiveCfg = Debug|Any CPU
		{114C2D39-9D1B-48B8-850B-F52902CDBC47}.Debug|Mixed Platforms.Build.0 = Debug|Any CPU
		{114C2D39-9D1B-48B8-850B-F52902CDBC47}.Debug|x86.ActiveCfg = Debug|Any CPU
		{114C2D39-9D1B-48B8-850B-F52902CDBC47}.Release|Any CPU.ActiveCfg = Release|Any CPU
		{114C2D39-9D1B-48B8-850B-F52902CDBC47}.Release|Any CPU.Build.0 = Release|Any CPU
		{114C2D39-9D1B-48B8-850B-F52902CDBC47}.Release|Mixed Platforms.ActiveCfg = Release|Any CPU
		{114C2D39-9D1B-48B8-850B-F52902CDBC47}.Release|Mixed Platforms.Build.0 = Release|Any CPU
		{114C2D39-9D1B-48B8-850B-F52902CDBC47}.Release|x86.ActiveCfg = Release|Any CPU
		{C6E4E2DB-9EC7-4ACE-B94D-F7212299EEFE}.Debug|Any CPU.ActiveCfg = Debug|Any CPU
		{C6E4E2DB-9EC7-4ACE-B94D-F7212299EEFE}.Debug|Any CPU.Build.0 = Debug|Any CPU
		{C6E4E2DB-9EC7-4ACE-B94D-F7212299EEFE}.Debug|Mixed Platforms.ActiveCfg = Debug|Any CPU
		{C6E4E2DB-9EC7-4ACE-B94D-F7212299EEFE}.Debug|Mixed Platforms.Build.0 = Debug|Any CPU
		{C6E4E2DB-9EC7-4ACE-B94D-F7212299EEFE}.Debug|x86.ActiveCfg = Debug|Any CPU
		{C6E4E2DB-9EC7-4ACE-B94D-F7212299EEFE}.Release|Any CPU.ActiveCfg = Release|Any CPU
		{C6E4E2DB-9EC7-4ACE-B94D-F7212299EEFE}.Release|Any CPU.Build.0 = Release|Any CPU
		{C6E4E2DB-9EC7-4ACE-B94D-F7212299EEFE}.Release|Mixed Platforms.ActiveCfg = Release|Any CPU
		{C6E4E2DB-9EC7-4ACE-B94D-F7212299EEFE}.Release|Mixed Platforms.Build.0 = Release|Any CPU
		{C6E4E2DB-9EC7-4ACE-B94D-F7212299EEFE}.Release|x86.ActiveCfg = Release|Any CPU
		{26DB6CA4-C8AD-4D8E-9D38-A0D7675D12C1}.Debug|Any CPU.ActiveCfg = Debug|Any CPU
		{26DB6CA4-C8AD-4D8E-9D38-A0D7675D12C1}.Debug|Any CPU.Build.0 = Debug|Any CPU
		{26DB6CA4-C8AD-4D8E-9D38-A0D7675D12C1}.Debug|Mixed Platforms.ActiveCfg = Debug|Any CPU
		{26DB6CA4-C8AD-4D8E-9D38-A0D7675D12C1}.Debug|Mixed Platforms.Build.0 = Debug|Any CPU
		{26DB6CA4-C8AD-4D8E-9D38-A0D7675D12C1}.Debug|x86.ActiveCfg = Debug|Any CPU
		{26DB6CA4-C8AD-4D8E-9D38-A0D7675D12C1}.Release|Any CPU.ActiveCfg = Release|Any CPU
		{26DB6CA4-C8AD-4D8E-9D38-A0D7675D12C1}.Release|Any CPU.Build.0 = Release|Any CPU
		{26DB6CA4-C8AD-4D8E-9D38-A0D7675D12C1}.Release|Mixed Platforms.ActiveCfg = Release|Any CPU
		{26DB6CA4-C8AD-4D8E-9D38-A0D7675D12C1}.Release|Mixed Platforms.Build.0 = Release|Any CPU
		{26DB6CA4-C8AD-4D8E-9D38-A0D7675D12C1}.Release|x86.ActiveCfg = Release|Any CPU
		{89231B56-490E-4AFE-B765-E82A7C9A4FF2}.Debug|Any CPU.ActiveCfg = Debug|Any CPU
		{89231B56-490E-4AFE-B765-E82A7C9A4FF2}.Debug|Any CPU.Build.0 = Debug|Any CPU
		{89231B56-490E-4AFE-B765-E82A7C9A4FF2}.Debug|Mixed Platforms.ActiveCfg = Debug|Any CPU
		{89231B56-490E-4AFE-B765-E82A7C9A4FF2}.Debug|Mixed Platforms.Build.0 = Debug|Any CPU
		{89231B56-490E-4AFE-B765-E82A7C9A4FF2}.Debug|x86.ActiveCfg = Debug|Any CPU
		{89231B56-490E-4AFE-B765-E82A7C9A4FF2}.Release|Any CPU.ActiveCfg = Release|Any CPU
		{89231B56-490E-4AFE-B765-E82A7C9A4FF2}.Release|Any CPU.Build.0 = Release|Any CPU
		{89231B56-490E-4AFE-B765-E82A7C9A4FF2}.Release|Mixed Platforms.ActiveCfg = Release|Any CPU
		{89231B56-490E-4AFE-B765-E82A7C9A4FF2}.Release|Mixed Platforms.Build.0 = Release|Any CPU
		{89231B56-490E-4AFE-B765-E82A7C9A4FF2}.Release|x86.ActiveCfg = Release|Any CPU
		{013C07CD-50DB-4D24-94C3-895599F8219A}.Debug|Any CPU.ActiveCfg = Debug|Any CPU
		{013C07CD-50DB-4D24-94C3-895599F8219A}.Debug|Any CPU.Build.0 = Debug|Any CPU
		{013C07CD-50DB-4D24-94C3-895599F8219A}.Debug|Mixed Platforms.ActiveCfg = Debug|Any CPU
		{013C07CD-50DB-4D24-94C3-895599F8219A}.Debug|Mixed Platforms.Build.0 = Debug|Any CPU
		{013C07CD-50DB-4D24-94C3-895599F8219A}.Debug|x86.ActiveCfg = Debug|Any CPU
		{013C07CD-50DB-4D24-94C3-895599F8219A}.Release|Any CPU.ActiveCfg = Release|Any CPU
		{013C07CD-50DB-4D24-94C3-895599F8219A}.Release|Any CPU.Build.0 = Release|Any CPU
		{013C07CD-50DB-4D24-94C3-895599F8219A}.Release|Mixed Platforms.ActiveCfg = Release|Any CPU
		{013C07CD-50DB-4D24-94C3-895599F8219A}.Release|Mixed Platforms.Build.0 = Release|Any CPU
		{013C07CD-50DB-4D24-94C3-895599F8219A}.Release|x86.ActiveCfg = Release|Any CPU
		{324F8F53-DC53-4F0C-A2B6-07F3F88A7D46}.Debug|Any CPU.ActiveCfg = Debug|Any CPU
		{324F8F53-DC53-4F0C-A2B6-07F3F88A7D46}.Debug|Any CPU.Build.0 = Debug|Any CPU
		{324F8F53-DC53-4F0C-A2B6-07F3F88A7D46}.Debug|Mixed Platforms.ActiveCfg = Debug|Any CPU
		{324F8F53-DC53-4F0C-A2B6-07F3F88A7D46}.Debug|Mixed Platforms.Build.0 = Debug|Any CPU
		{324F8F53-DC53-4F0C-A2B6-07F3F88A7D46}.Debug|x86.ActiveCfg = Debug|Any CPU
		{324F8F53-DC53-4F0C-A2B6-07F3F88A7D46}.Release|Any CPU.ActiveCfg = Release|Any CPU
		{324F8F53-DC53-4F0C-A2B6-07F3F88A7D46}.Release|Any CPU.Build.0 = Release|Any CPU
		{324F8F53-DC53-4F0C-A2B6-07F3F88A7D46}.Release|Mixed Platforms.ActiveCfg = Release|Any CPU
		{324F8F53-DC53-4F0C-A2B6-07F3F88A7D46}.Release|Mixed Platforms.Build.0 = Release|Any CPU
		{324F8F53-DC53-4F0C-A2B6-07F3F88A7D46}.Release|x86.ActiveCfg = Release|Any CPU
		{E8BDD1BF-F90E-4137-9ECC-C848BA785263}.Debug|Any CPU.ActiveCfg = Debug|Any CPU
		{E8BDD1BF-F90E-4137-9ECC-C848BA785263}.Debug|Any CPU.Build.0 = Debug|Any CPU
		{E8BDD1BF-F90E-4137-9ECC-C848BA785263}.Debug|Mixed Platforms.ActiveCfg = Debug|Any CPU
		{E8BDD1BF-F90E-4137-9ECC-C848BA785263}.Debug|Mixed Platforms.Build.0 = Debug|Any CPU
		{E8BDD1BF-F90E-4137-9ECC-C848BA785263}.Debug|x86.ActiveCfg = Debug|Any CPU
		{E8BDD1BF-F90E-4137-9ECC-C848BA785263}.Release|Any CPU.ActiveCfg = Release|Any CPU
		{E8BDD1BF-F90E-4137-9ECC-C848BA785263}.Release|Any CPU.Build.0 = Release|Any CPU
		{E8BDD1BF-F90E-4137-9ECC-C848BA785263}.Release|Mixed Platforms.ActiveCfg = Release|Any CPU
		{E8BDD1BF-F90E-4137-9ECC-C848BA785263}.Release|Mixed Platforms.Build.0 = Release|Any CPU
		{E8BDD1BF-F90E-4137-9ECC-C848BA785263}.Release|x86.ActiveCfg = Release|Any CPU
		{97677725-0026-486D-BC63-A30B512DCDCA}.Debug|Any CPU.ActiveCfg = Debug|Any CPU
		{97677725-0026-486D-BC63-A30B512DCDCA}.Debug|Any CPU.Build.0 = Debug|Any CPU
		{97677725-0026-486D-BC63-A30B512DCDCA}.Debug|Mixed Platforms.ActiveCfg = Debug|Any CPU
		{97677725-0026-486D-BC63-A30B512DCDCA}.Debug|Mixed Platforms.Build.0 = Debug|Any CPU
		{97677725-0026-486D-BC63-A30B512DCDCA}.Debug|x86.ActiveCfg = Debug|Any CPU
		{97677725-0026-486D-BC63-A30B512DCDCA}.Release|Any CPU.ActiveCfg = Release|Any CPU
		{97677725-0026-486D-BC63-A30B512DCDCA}.Release|Any CPU.Build.0 = Release|Any CPU
		{97677725-0026-486D-BC63-A30B512DCDCA}.Release|Mixed Platforms.ActiveCfg = Release|Any CPU
		{97677725-0026-486D-BC63-A30B512DCDCA}.Release|Mixed Platforms.Build.0 = Release|Any CPU
		{97677725-0026-486D-BC63-A30B512DCDCA}.Release|x86.ActiveCfg = Release|Any CPU
		{771410D2-5DA9-4173-A6B2-109A0A3CDC25}.Debug|Any CPU.ActiveCfg = Debug|Any CPU
		{771410D2-5DA9-4173-A6B2-109A0A3CDC25}.Debug|Any CPU.Build.0 = Debug|Any CPU
		{771410D2-5DA9-4173-A6B2-109A0A3CDC25}.Debug|Mixed Platforms.ActiveCfg = Debug|Any CPU
		{771410D2-5DA9-4173-A6B2-109A0A3CDC25}.Debug|Mixed Platforms.Build.0 = Debug|Any CPU
		{771410D2-5DA9-4173-A6B2-109A0A3CDC25}.Debug|x86.ActiveCfg = Debug|Any CPU
		{771410D2-5DA9-4173-A6B2-109A0A3CDC25}.Release|Any CPU.ActiveCfg = Release|Any CPU
		{771410D2-5DA9-4173-A6B2-109A0A3CDC25}.Release|Any CPU.Build.0 = Release|Any CPU
		{771410D2-5DA9-4173-A6B2-109A0A3CDC25}.Release|Mixed Platforms.ActiveCfg = Release|Any CPU
		{771410D2-5DA9-4173-A6B2-109A0A3CDC25}.Release|Mixed Platforms.Build.0 = Release|Any CPU
		{771410D2-5DA9-4173-A6B2-109A0A3CDC25}.Release|x86.ActiveCfg = Release|Any CPU
		{96C0D434-196E-4F92-AF0E-A2F4712D6C01}.Debug|Any CPU.ActiveCfg = Debug|Any CPU
		{96C0D434-196E-4F92-AF0E-A2F4712D6C01}.Debug|Any CPU.Build.0 = Debug|Any CPU
		{96C0D434-196E-4F92-AF0E-A2F4712D6C01}.Debug|Mixed Platforms.ActiveCfg = Debug|Any CPU
		{96C0D434-196E-4F92-AF0E-A2F4712D6C01}.Debug|Mixed Platforms.Build.0 = Debug|Any CPU
		{96C0D434-196E-4F92-AF0E-A2F4712D6C01}.Debug|x86.ActiveCfg = Debug|Any CPU
		{96C0D434-196E-4F92-AF0E-A2F4712D6C01}.Release|Any CPU.ActiveCfg = Release|Any CPU
		{96C0D434-196E-4F92-AF0E-A2F4712D6C01}.Release|Any CPU.Build.0 = Release|Any CPU
		{96C0D434-196E-4F92-AF0E-A2F4712D6C01}.Release|Mixed Platforms.ActiveCfg = Release|Any CPU
		{96C0D434-196E-4F92-AF0E-A2F4712D6C01}.Release|Mixed Platforms.Build.0 = Release|Any CPU
		{96C0D434-196E-4F92-AF0E-A2F4712D6C01}.Release|x86.ActiveCfg = Release|Any CPU
		{A3AD90C9-B010-478F-B58D-A8E68E20D3B9}.Debug|Any CPU.ActiveCfg = Debug|Any CPU
		{A3AD90C9-B010-478F-B58D-A8E68E20D3B9}.Debug|Any CPU.Build.0 = Debug|Any CPU
		{A3AD90C9-B010-478F-B58D-A8E68E20D3B9}.Debug|Mixed Platforms.ActiveCfg = Debug|Any CPU
		{A3AD90C9-B010-478F-B58D-A8E68E20D3B9}.Debug|Mixed Platforms.Build.0 = Debug|Any CPU
		{A3AD90C9-B010-478F-B58D-A8E68E20D3B9}.Debug|x86.ActiveCfg = Debug|Any CPU
		{A3AD90C9-B010-478F-B58D-A8E68E20D3B9}.Release|Any CPU.ActiveCfg = Release|Any CPU
		{A3AD90C9-B010-478F-B58D-A8E68E20D3B9}.Release|Any CPU.Build.0 = Release|Any CPU
		{A3AD90C9-B010-478F-B58D-A8E68E20D3B9}.Release|Mixed Platforms.ActiveCfg = Release|Any CPU
		{A3AD90C9-B010-478F-B58D-A8E68E20D3B9}.Release|Mixed Platforms.Build.0 = Release|Any CPU
		{A3AD90C9-B010-478F-B58D-A8E68E20D3B9}.Release|x86.ActiveCfg = Release|Any CPU
		{3D99374A-A141-4C78-9111-1FD0705E361E}.Debug|Any CPU.ActiveCfg = Debug|Any CPU
		{3D99374A-A141-4C78-9111-1FD0705E361E}.Debug|Any CPU.Build.0 = Debug|Any CPU
		{3D99374A-A141-4C78-9111-1FD0705E361E}.Debug|Mixed Platforms.ActiveCfg = Debug|Any CPU
		{3D99374A-A141-4C78-9111-1FD0705E361E}.Debug|Mixed Platforms.Build.0 = Debug|Any CPU
		{3D99374A-A141-4C78-9111-1FD0705E361E}.Debug|x86.ActiveCfg = Debug|Any CPU
		{3D99374A-A141-4C78-9111-1FD0705E361E}.Release|Any CPU.ActiveCfg = Release|Any CPU
		{3D99374A-A141-4C78-9111-1FD0705E361E}.Release|Any CPU.Build.0 = Release|Any CPU
		{3D99374A-A141-4C78-9111-1FD0705E361E}.Release|Mixed Platforms.ActiveCfg = Release|Any CPU
		{3D99374A-A141-4C78-9111-1FD0705E361E}.Release|Mixed Platforms.Build.0 = Release|Any CPU
		{3D99374A-A141-4C78-9111-1FD0705E361E}.Release|x86.ActiveCfg = Release|Any CPU
	EndGlobalSection
	GlobalSection(SolutionProperties) = preSolution
		HideSolutionNode = FALSE
	EndGlobalSection
	GlobalSection(NestedProjects) = preSolution
		{89231B56-490E-4AFE-B765-E82A7C9A4FF2} = {B688B498-E8A2-4CF2-97A6-067B76709DCC}
		{013C07CD-50DB-4D24-94C3-895599F8219A} = {B688B498-E8A2-4CF2-97A6-067B76709DCC}
		{324F8F53-DC53-4F0C-A2B6-07F3F88A7D46} = {B688B498-E8A2-4CF2-97A6-067B76709DCC}
		{E8BDD1BF-F90E-4137-9ECC-C848BA785263} = {B688B498-E8A2-4CF2-97A6-067B76709DCC}
		{97677725-0026-486D-BC63-A30B512DCDCA} = {B688B498-E8A2-4CF2-97A6-067B76709DCC}
		{771410D2-5DA9-4173-A6B2-109A0A3CDC25} = {B688B498-E8A2-4CF2-97A6-067B76709DCC}
		{A3AD90C9-B010-478F-B58D-A8E68E20D3B9} = {B688B498-E8A2-4CF2-97A6-067B76709DCC}
		{3D99374A-A141-4C78-9111-1FD0705E361E} = {B688B498-E8A2-4CF2-97A6-067B76709DCC}
	EndGlobalSection
EndGlobal
